
Microsoft Visual Studio Solution File, Format Version 12.00
# Visual Studio Version 17
VisualStudioVersion = 17.2.32630.192
MinimumVisualStudioVersion = 10.0.40219.1
Project("{FAE04EC0-301F-11D3-BF4B-00C04F79EFBC}") = "laba1", "laba1\laba1.csproj", "{3647685B-89D5-4C60-B132-F195F123EBCA}"
EndProject
Global
	GlobalSection(SolutionConfigurationPlatforms) = preSolution
		Debug|Any CPU = Debug|Any CPU
		Release|Any CPU = Release|Any CPU
	EndGlobalSection
	GlobalSection(ProjectConfigurationPlatforms) = postSolution
		{3647685B-89D5-4C60-B132-F195F123EBCA}.Debug|Any CPU.ActiveCfg = Debug|Any CPU
		{3647685B-89D5-4C60-B132-F195F123EBCA}.Debug|Any CPU.Build.0 = Debug|Any CPU
		{3647685B-89D5-4C60-B132-F195F123EBCA}.Release|Any CPU.ActiveCfg = Release|Any CPU
		{3647685B-89D5-4C60-B132-F195F123EBCA}.Release|Any CPU.Build.0 = Release|Any CPU
	EndGlobalSection
	GlobalSection(SolutionProperties) = preSolution
		HideSolutionNode = FALSE
	EndGlobalSection
	GlobalSection(ExtensibilityGlobals) = postSolution
		SolutionGuid = {3588E6BD-DD39-423E-B52C-524B0225005F}
	EndGlobalSection
EndGlobal
